
Microsoft Visual Studio Solution File, Format Version 12.00
# Visual Studio 15
VisualStudioVersion = 15.0.27703.2047
MinimumVisualStudioVersion = 10.0.40219.1
Project("{FAE04EC0-301F-11D3-BF4B-00C04F79EFBC}") = "FYT-Winform-SecretProject", "FYT-Winform-SecretProject\FYT-Winform-SecretProject.csproj", "{236B0F85-6556-4937-A8B4-3237B8C01366}"
EndProject
Global
	GlobalSection(SolutionConfigurationPlatforms) = preSolution
		Debug|Any CPU = Debug|Any CPU
		Release|Any CPU = Release|Any CPU
	EndGlobalSection
	GlobalSection(ProjectConfigurationPlatforms) = postSolution
		{236B0F85-6556-4937-A8B4-3237B8C01366}.Debug|Any CPU.ActiveCfg = Debug|Any CPU
		{236B0F85-6556-4937-A8B4-3237B8C01366}.Debug|Any CPU.Build.0 = Debug|Any CPU
		{236B0F85-6556-4937-A8B4-3237B8C01366}.Release|Any CPU.ActiveCfg = Release|Any CPU
		{236B0F85-6556-4937-A8B4-3237B8C01366}.Release|Any CPU.Build.0 = Release|Any CPU
	EndGlobalSection
	GlobalSection(SolutionProperties) = preSolution
		HideSolutionNode = FALSE
	EndGlobalSection
	GlobalSection(ExtensibilityGlobals) = postSolution
		SolutionGuid = {0355E71E-CBC1-434A-9F8B-6654FD49E99C}
	EndGlobalSection
EndGlobal
